%{
  "acceptor_pool": {:hex, :acceptor_pool, "1.0.0-rc.0", "679d741df87fc13599b1aef2df8f78f1f880449a6befab7c44fb6fae0e92a2de", [:rebar3], [], "hexpm", "8552d92e7bc2252c4f2e6a440c8307c447e96a89d9739c093a8a913fed3914c4"},
  "cf": {:hex, :cf, "0.3.1", "5cb902239476e141ea70a740340233782d363a31eea8ad37049561542e6cd641", [:rebar3], [], "hexpm", "315e8d447d3a4b02bcdbfa397ad03bbb988a6e0aa6f44d3add0f4e3c3bf97672"},
  "connection": {:hex, :connection, "1.1.0", "ff2a49c4b75b6fb3e674bfc5536451607270aac754ffd1bdfe175abe4a6d7a68", [:mix], [], "hexpm", "722c1eb0a418fbe91ba7bd59a47e28008a189d47e37e0e7bb85585a016b2869c"},
  "cowboy": {:hex, :cowboy, "2.9.0", "865dd8b6607e14cf03282e10e934023a1bd8be6f6bacf921a7e2a96d800cd452", [:make, :rebar3], [{:cowlib, "2.11.0", [hex: :cowlib, repo: "hexpm", optional: false]}, {:ranch, "1.8.0", [hex: :ranch, repo: "hexpm", optional: false]}], "hexpm", "2c729f934b4e1aa149aff882f57c6372c15399a20d54f65c8d67bef583021bde"},
  "cowboy_telemetry": {:hex, :cowboy_telemetry, "0.4.0", "f239f68b588efa7707abce16a84d0d2acf3a0f50571f8bb7f56a15865aae820c", [:rebar3], [{:cowboy, "~> 2.7", [hex: :cowboy, repo: "hexpm", optional: false]}, {:telemetry, "~> 1.0", [hex: :telemetry, repo: "hexpm", optional: false]}], "hexpm", "7d98bac1ee4565d31b62d59f8823dfd8356a169e7fcbb83831b8a5397404c9de"},
  "cowlib": {:hex, :cowlib, "2.11.0", "0b9ff9c346629256c42ebe1eeb769a83c6cb771a6ee5960bd110ab0b9b872063", [:make, :rebar3], [], "hexpm", "2b3e9da0b21c4565751a6d4901c20d1b4cc25cbb7fd50d91d2ab6dd287bc86a9"},
  "db_connection": {:hex, :db_connection, "2.4.2", "f92e79aff2375299a16bcb069a14ee8615c3414863a6fef93156aee8e86c2ff3", [:mix], [{:connection, "~> 1.0", [hex: :connection, repo: "hexpm", optional: false]}, {:telemetry, "~> 0.4 or ~> 1.0", [hex: :telemetry, repo: "hexpm", optional: false]}], "hexpm", "4fe53ca91b99f55ea249693a0229356a08f4d1a7931d8ffa79289b145fe83668"},
  "decimal": {:hex, :decimal, "2.0.0", "a78296e617b0f5dd4c6caf57c714431347912ffb1d0842e998e9792b5642d697", [:mix], [], "hexpm", "34666e9c55dea81013e77d9d87370fe6cb6291d1ef32f46a1600230b1d44f577"},
  "delta_crdt": {:hex, :delta_crdt, "0.6.4", "79d235eef82a58bb0cb668bc5b9558d2e65325ccb46b74045f20b36fd41671da", [:mix], [{:merkle_map, "~> 0.2.0", [hex: :merkle_map, repo: "hexpm", optional: false]}, {:telemetry, "~> 0.4 or ~> 1.0", [hex: :telemetry, repo: "hexpm", optional: false]}], "hexpm", "4a81f579c06aeeb625db54c6c109859a38aa00d837e3e7f8ac27b40cea34885a"},
  "dialyxir": {:hex, :dialyxir, "1.1.0", "c5aab0d6e71e5522e77beff7ba9e08f8e02bad90dfbeffae60eaf0cb47e29488", [:mix], [{:erlex, ">= 0.2.6", [hex: :erlex, repo: "hexpm", optional: false]}], "hexpm", "07ea8e49c45f15264ebe6d5b93799d4dd56a44036cf42d0ad9c960bc266c0b9a"},
  "ecto": {:hex, :ecto, "3.8.3", "5e681d35bc2cbb46dcca1e2675837c7d666316e5ada14eca6c9c609b6232817c", [:mix], [{:decimal, "~> 1.6 or ~> 2.0", [hex: :decimal, repo: "hexpm", optional: false]}, {:jason, "~> 1.0", [hex: :jason, repo: "hexpm", optional: true]}, {:telemetry, "~> 0.4 or ~> 1.0", [hex: :telemetry, repo: "hexpm", optional: false]}], "hexpm", "af92dd7815967bcaea0daaaccf31c3b23165432b1c7a475d84144efbc703d105"},
  "ecto_psql_extras": {:hex, :ecto_psql_extras, "0.7.4", "5d43fd088d39a158c860b17e8d210669587f63ec89ea122a4654861c8c6e2db4", [:mix], [{:ecto_sql, "~> 3.4", [hex: :ecto_sql, repo: "hexpm", optional: false]}, {:postgrex, ">= 0.15.7", [hex: :postgrex, repo: "hexpm", optional: false]}, {:table_rex, "~> 3.1.1", [hex: :table_rex, repo: "hexpm", optional: false]}], "hexpm", "311db02f1b772e3d0dc7f56a05044b5e1499d78ed6abf38885e1ca70059449e5"},
  "ecto_sql": {:hex, :ecto_sql, "3.8.1", "1acaaba32ca0551fd19e492fc7c80414e72fc1a7140fc9395aaa53c2e8629798", [:mix], [{:db_connection, "~> 2.5 or ~> 2.4.1", [hex: :db_connection, repo: "hexpm", optional: false]}, {:ecto, "~> 3.8.1", [hex: :ecto, repo: "hexpm", optional: false]}, {:myxql, "~> 0.6.0", [hex: :myxql, repo: "hexpm", optional: true]}, {:postgrex, "~> 0.15.0 or ~> 0.16.0 or ~> 1.0", [hex: :postgrex, repo: "hexpm", optional: true]}, {:tds, "~> 2.1.1 or ~> 2.2", [hex: :tds, repo: "hexpm", optional: true]}, {:telemetry, "~> 0.4.0 or ~> 1.0", [hex: :telemetry, repo: "hexpm", optional: false]}], "hexpm", "ba7fc75882edce6f2ceca047315d5db27ead773cafea47f1724e35f1e7964525"},
  "erleans": {:git, "https://github.com/erleans/erleans.git", "ecccf9e900f23660847bd63555b54478e9a00530", [ref: "ecccf9e"]},
  "erlex": {:hex, :erlex, "0.2.6", "c7987d15e899c7a2f34f5420d2a2ea0d659682c06ac607572df55a43753aa12e", [:mix], [], "hexpm", "2ed2e25711feb44d52b17d2780eabf998452f6efda104877a3881c2f8c0c0c75"},
  "erlware_commons": {:hex, :erlware_commons, "1.3.1", "0ce192ad69bc6fd0880246d852d0ece17631e234878011d1586e053641ed4c04", [:rebar3], [{:cf, "~>0.3", [hex: :cf, repo: "hexpm", optional: false]}], "hexpm", "7aada93f368d0a0430122e39931b7fb4ac9e94dbf043cdc980ad4330fd9cd166"},
  "file_system": {:hex, :file_system, "0.2.10", "fb082005a9cd1711c05b5248710f8826b02d7d1784e7c3451f9c1231d4fc162d", [:mix], [], "hexpm", "41195edbfb562a593726eda3b3e8b103a309b733ad25f3d642ba49696bf715dc"},
  "floki": {:hex, :floki, "0.32.1", "dfe3b8db3b793939c264e6f785bca01753d17318d144bd44b407fb3493acaa87", [:mix], [{:html_entities, "~> 0.5.0", [hex: :html_entities, repo: "hexpm", optional: false]}], "hexpm", "d4b91c713e4a784a3f7b1e3cc016eefc619f6b1c3898464222867cafd3c681a3"},
  "gen_flow": {:hex, :gen_flow, "0.0.5", "2ff6abe3ed1c5c9bc41f81bf09364a3f63f96e4d378d45a2a2ddc4fc06f3484a", [:rebar3], [], "hexpm", "aa139c67942475a08b73d754587ffd4694ce92a149a26d16ddb16ebd6cc19eb4"},
  "gen_state_machine": {:hex, :gen_state_machine, "3.0.0", "1e57f86a494e5c6b14137ebef26a7eb342b3b0070c7135f2d6768ed3f6b6cdff", [:mix], [], "hexpm", "0a59652574bebceb7309f6b749d2a41b45fdeda8dbb4da0791e355dd19f0ed15"},
  "gettext": {:hex, :gettext, "0.19.1", "564953fd21f29358e68b91634799d9d26989f8d039d7512622efb3c3b1c97892", [:mix], [], "hexpm", "10c656c0912b8299adba9b061c06947511e3f109ab0d18b44a866a4498e77222"},
  "goldrush": {:hex, :goldrush, "0.1.9", "f06e5d5f1277da5c413e84d5a2924174182fb108dabb39d5ec548b27424cd106", [:rebar3], [], "hexpm", "99cb4128cffcb3227581e5d4d803d5413fa643f4eb96523f77d9e6937d994ceb"},
  "gproc": {:hex, :gproc, "0.8.0", "cea02c578589c61e5341fce149ea36ccef236cc2ecac8691fba408e7ea77ec2f", [:rebar3], [], "hexpm", "580adafa56463b75263ef5a5df4c86af321f68694e7786cb057fd805d1e2a7de"},
  "horde": {:hex, :horde, "0.8.7", "e51ab8e0e5bc7dcd0caa85d84b144cccfde97994bd865d822c7e489746b87e7f", [:mix], [{:delta_crdt, "~> 0.6.2", [hex: :delta_crdt, repo: "hexpm", optional: false]}, {:libring, "~> 1.4", [hex: :libring, repo: "hexpm", optional: false]}, {:telemetry, "~> 1.0 or ~> 0.4.0", [hex: :telemetry, repo: "hexpm", optional: false]}, {:telemetry_poller, "~> 1.0 or ~> 0.5.0", [hex: :telemetry_poller, repo: "hexpm", optional: false]}], "hexpm", "835aede887d777542f85e0a88293c18113abcc1356006050ec216da16aa5e0e3"},
  "html_entities": {:hex, :html_entities, "0.5.2", "9e47e70598da7de2a9ff6af8758399251db6dbb7eebe2b013f2bbd2515895c3c", [:mix], [], "hexpm", "c53ba390403485615623b9531e97696f076ed415e8d8058b1dbaa28181f4fdcc"},
  "jason": {:hex, :jason, "1.3.0", "fa6b82a934feb176263ad2df0dbd91bf633d4a46ebfdffea0c8ae82953714946", [:mix], [{:decimal, "~> 1.0 or ~> 2.0", [hex: :decimal, repo: "hexpm", optional: true]}], "hexpm", "53fc1f51255390e0ec7e50f9cb41e751c260d065dcba2bf0d08dc51a4002c2ac"},
  "lager": {:hex, :lager, "3.9.2", "4cab289120eb24964e3886bd22323cb5fefe4510c076992a23ad18cf85413d8c", [:rebar3], [{:goldrush, "0.1.9", [hex: :goldrush, repo: "hexpm", optional: false]}], "hexpm", "7f904d9e87a8cb7e66156ed31768d1c8e26eba1d54f4bc85b1aa4ac1f6340c28"},
  "lasp": {:hex, :lasp, "0.8.2", "3c744b440e7294b61726941b6a2de6b011c5d95077d5788d20686fdd98f45d6a", [:rebar3], [{:gen_flow, "~> 0.0", [hex: :gen_flow, repo: "hexpm", optional: false]}, {:lager, "~>3.5", [hex: :lager, repo: "hexpm", optional: false]}, {:lasp_support, "~>0.0.3", [hex: :lasp_support, repo: "hexpm", optional: false]}, {:partisan, "1.3.3", [hex: :partisan, repo: "hexpm", optional: false]}, {:plumtree, "0.5.0", [hex: :plumtree, repo: "hexpm", optional: false]}, {:rand_compat, "~>0.0.3", [hex: :rand_compat, repo: "hexpm", optional: false]}, {:time_compat, "~>0.0.1", [hex: :time_compat, repo: "hexpm", optional: false]}, {:types, "~> 0.1", [hex: :types, repo: "hexpm", optional: false]}], "hexpm", "d47cdbd65b4434ef35de759214103b1b4e0ee6dc04860cacf1e8a04a8fb0559e"},
  "lasp_pg": {:hex, :lasp_pg, "0.1.0", "94b1b99f016a92b54bc4da7fa5c202c72ac2dedae4ba21488c86f88b1c992020", [:rebar3], [{:lasp, "~>0.4", [hex: :lasp, repo: "hexpm", optional: false]}], "hexpm", "5d3f55b1e08d12517ec776b8dc75ce85cade1428b1cecd7f0b67b6a11187a955"},
  "lasp_support": {:hex, :lasp_support, "0.0.3", "c1b7e1a472037ae82c71d2d16a10b7d644a621b66ae5afe834cecf170f2e9169", [:rebar3], [{:lager, "~>3.5", [hex: :lager, repo: "hexpm", optional: false]}, {:time_compat, "~>0.0.1", [hex: :time_compat, repo: "hexpm", optional: false]}], "hexpm", "4c8ef19bbf947d9674fafb2f4b4462cc9b3bb33b5cd4e0049826540efee96810"},
  "libcluster": {:hex, :libcluster, "3.2.2", "8d98f7492c315fa0374acd405b7cb04205e737c3e245c8d5ff2503c0420bd6b3", [:mix], [{:jason, "~> 1.1", [hex: :jason, repo: "hexpm", optional: false]}], "hexpm", "3f1c97e0d5b439476b4ea7b74fb4d0e70eb770b6a8503c2e4964906723a83dd3"},
  "libring": {:hex, :libring, "1.6.0", "d5dca4bcb1765f862ab59f175b403e356dec493f565670e0bacc4b35e109ce0d", [:mix], [], "hexpm", "5e91ece396af4bce99953d49ee0b02f698cd38326d93cd068361038167484319"},
  "merkle_map": {:hex, :merkle_map, "0.2.1", "01a88c87a6b9fb594c67c17ebaf047ee55ffa34e74297aa583ed87148006c4c8", [:mix], [], "hexpm", "fed4d143a5c8166eee4fa2b49564f3c4eace9cb252f0a82c1613bba905b2d04d"},
  "mime": {:hex, :mime, "2.0.2", "0b9e1a4c840eafb68d820b0e2158ef5c49385d17fb36855ac6e7e087d4b1dcc5", [:mix], [], "hexpm", "e6a3f76b4c277739e36c2e21a2c640778ba4c3846189d5ab19f97f126df5f9b7"},
  "opentelemetry": {:hex, :opentelemetry, "1.0.4", "a7daf00a248715ee72c12ba1cbad878837e8dca6e9bea12a2381a1f27df9ebb2", [:rebar3], [{:opentelemetry_api, "~> 1.0", [hex: :opentelemetry_api, repo: "hexpm", optional: false]}], "hexpm", "d75c3931884817679ca63c21395715427457691f5c9be06d75b71d74adc9d0b4"},
  "opentelemetry_api": {:git, "https://github.com/open-telemetry/opentelemetry-erlang-api.git", "48da6489cc45d59a42a7d9c68616144c10b36e3b", [ref: "48da648"]},
  "partisan": {:hex, :partisan, "3.0.0", "960877c00e72203ca23023971c1d8de835ac050148381814832ab334268d9616", [:rebar3], [{:acceptor_pool, "1.0.0-rc.0", [hex: :acceptor_pool, repo: "hexpm", optional: false]}, {:lager, "~> 3.5", [hex: :lager, repo: "hexpm", optional: false]}, {:rand_compat, "~>0.0.3", [hex: :rand_compat, repo: "hexpm", optional: false]}, {:time_compat, "~>0.0.1", [hex: :time_compat, repo: "hexpm", optional: false]}, {:types, "~> 0.1", [hex: :types, repo: "hexpm", optional: false]}, {:uuid, "~>1.7.3", [hex: :uuid_erl, repo: "hexpm", optional: false]}], "hexpm", "737b85b43377534cc28ed6203e3801f1a06ad8a6ebb674f8bb659efa31681237"},
  "phoenix": {:hex, :phoenix, "1.6.9", "648e660040cdc758c5401972e0f592ce622d4ce9cd16d2d9c33dda32d0c9f7fa", [:mix], [{:jason, "~> 1.0", [hex: :jason, repo: "hexpm", optional: true]}, {:phoenix_pubsub, "~> 2.0", [hex: :phoenix_pubsub, repo: "hexpm", optional: false]}, {:phoenix_view, "~> 1.0", [hex: :phoenix_view, repo: "hexpm", optional: false]}, {:plug, "~> 1.10", [hex: :plug, repo: "hexpm", optional: false]}, {:plug_cowboy, "~> 2.2", [hex: :plug_cowboy, repo: "hexpm", optional: true]}, {:plug_crypto, "~> 1.2", [hex: :plug_crypto, repo: "hexpm", optional: false]}, {:telemetry, "~> 0.4 or ~> 1.0", [hex: :telemetry, repo: "hexpm", optional: false]}], "hexpm", "be2fe497597d6bf297dcbf9f4416b4929dbfbdcc25edc1acf6d4dcaecbe898a6"},
  "phoenix_ecto": {:hex, :phoenix_ecto, "4.4.0", "0672ed4e4808b3fbed494dded89958e22fb882de47a97634c0b13e7b0b5f7720", [:mix], [{:ecto, "~> 3.3", [hex: :ecto, repo: "hexpm", optional: false]}, {:phoenix_html, "~> 2.14.2 or ~> 3.0", [hex: :phoenix_html, repo: "hexpm", optional: true]}, {:plug, "~> 1.9", [hex: :plug, repo: "hexpm", optional: false]}], "hexpm", "09864e558ed31ee00bd48fcc1d4fc58ae9678c9e81649075431e69dbabb43cc1"},
  "phoenix_html": {:hex, :phoenix_html, "3.2.0", "1c1219d4b6cb22ac72f12f73dc5fad6c7563104d083f711c3fcd8551a1f4ae11", [:mix], [{:plug, "~> 1.5", [hex: :plug, repo: "hexpm", optional: true]}], "hexpm", "36ec97ba56d25c0136ef1992c37957e4246b649d620958a1f9fa86165f8bc54f"},
  "phoenix_live_dashboard": {:hex, :phoenix_live_dashboard, "0.6.5", "1495bb014be12c9a9252eca04b9af54246f6b5c1e4cd1f30210cd00ec540cf8e", [:mix], [{:ecto, "~> 3.6.2 or ~> 3.7", [hex: :ecto, repo: "hexpm", optional: true]}, {:ecto_mysql_extras, "~> 0.3", [hex: :ecto_mysql_extras, repo: "hexpm", optional: true]}, {:ecto_psql_extras, "~> 0.7", [hex: :ecto_psql_extras, repo: "hexpm", optional: true]}, {:mime, "~> 1.6 or ~> 2.0", [hex: :mime, repo: "hexpm", optional: false]}, {:phoenix_live_view, "~> 0.17.7", [hex: :phoenix_live_view, repo: "hexpm", optional: false]}, {:telemetry_metrics, "~> 0.6.0", [hex: :telemetry_metrics, repo: "hexpm", optional: false]}], "hexpm", "ef4fa50dd78364409039c99cf6f98ab5209b4c5f8796c17f4db118324f0db852"},
  "phoenix_live_reload": {:hex, :phoenix_live_reload, "1.3.3", "3a53772a6118d5679bf50fc1670505a290e32a1d195df9e069d8c53ab040c054", [:mix], [{:file_system, "~> 0.2.1 or ~> 0.3", [hex: :file_system, repo: "hexpm", optional: false]}, {:phoenix, "~> 1.4", [hex: :phoenix, repo: "hexpm", optional: false]}], "hexpm", "766796676e5f558dbae5d1bdb066849673e956005e3730dfd5affd7a6da4abac"},
  "phoenix_live_view": {:hex, :phoenix_live_view, "0.17.9", "36b5aa812bc3ccd64c9630f6b3234d9ea21105493237e927aae19d0ba758f0db", [:mix], [{:jason, "~> 1.0", [hex: :jason, repo: "hexpm", optional: true]}, {:phoenix, "~> 1.6.0", [hex: :phoenix, repo: "hexpm", optional: false]}, {:phoenix_html, "~> 3.1", [hex: :phoenix_html, repo: "hexpm", optional: false]}, {:telemetry, "~> 0.4.2 or ~> 1.0", [hex: :telemetry, repo: "hexpm", optional: false]}], "hexpm", "f7ebc3e0ba0c5f6b6996ed6c901ddbfdaba59a6d09b569e7cb2f2f7d693b4455"},
  "phoenix_pubsub": {:hex, :phoenix_pubsub, "2.1.1", "ba04e489ef03763bf28a17eb2eaddc2c20c6d217e2150a61e3298b0f4c2012b5", [:mix], [], "hexpm", "81367c6d1eea5878ad726be80808eb5a787a23dee699f96e72b1109c57cdd8d9"},
  "phoenix_view": {:hex, :phoenix_view, "1.1.2", "1b82764a065fb41051637872c7bd07ed2fdb6f5c3bd89684d4dca6e10115c95a", [:mix], [{:phoenix_html, "~> 2.14.2 or ~> 3.0", [hex: :phoenix_html, repo: "hexpm", optional: true]}], "hexpm", "7ae90ad27b09091266f6adbb61e1d2516a7c3d7062c6789d46a7554ec40f3a56"},
  "plug": {:hex, :plug, "1.13.6", "187beb6b67c6cec50503e940f0434ea4692b19384d47e5fdfd701e93cadb4cc2", [:mix], [{:mime, "~> 1.0 or ~> 2.0", [hex: :mime, repo: "hexpm", optional: false]}, {:plug_crypto, "~> 1.1.1 or ~> 1.2", [hex: :plug_crypto, repo: "hexpm", optional: false]}, {:telemetry, "~> 0.4.3 or ~> 1.0", [hex: :telemetry, repo: "hexpm", optional: false]}], "hexpm", "02b9c6b9955bce92c829f31d6284bf53c591ca63c4fb9ff81dfd0418667a34ff"},
  "plug_cowboy": {:hex, :plug_cowboy, "2.5.2", "62894ccd601cf9597e2c23911ff12798a8a18d237e9739f58a6b04e4988899fe", [:mix], [{:cowboy, "~> 2.7", [hex: :cowboy, repo: "hexpm", optional: false]}, {:cowboy_telemetry, "~> 0.3", [hex: :cowboy_telemetry, repo: "hexpm", optional: false]}, {:plug, "~> 1.7", [hex: :plug, repo: "hexpm", optional: false]}], "hexpm", "ea6e87f774c8608d60c8d34022a7d073bd7680a0a013f049fc62bf35efea1044"},
  "plug_crypto": {:hex, :plug_crypto, "1.2.2", "05654514ac717ff3a1843204b424477d9e60c143406aa94daf2274fdd280794d", [:mix], [], "hexpm", "87631c7ad914a5a445f0a3809f99b079113ae4ed4b867348dd9eec288cecb6db"},
  "plumtree": {:hex, :plumtree, "0.5.0", "f3521ce631ad22ac00635e79c7f046a163bd1135889cdc1d0b18ab577f76ec70", [:rebar3], [{:lager, "~>3.5", [hex: :lager, repo: "hexpm", optional: false]}, {:lasp_support, "~>0.0", [hex: :lasp_support, repo: "hexpm", optional: false]}, {:partisan, "~>1.2", [hex: :partisan, repo: "hexpm", optional: false]}, {:rand_compat, "~>0.0.3", [hex: :rand_compat, repo: "hexpm", optional: false]}, {:time_compat, "~>0.0.1", [hex: :time_compat, repo: "hexpm", optional: false]}], "hexpm", "6e5d8f6dac7eea59b3addba2c268feb61827163972a55b9b23667fb02daa3696"},
  "postgrex": {:hex, :postgrex, "0.16.3", "fac79a81a9a234b11c44235a4494d8565303fa4b9147acf57e48978a074971db", [:mix], [{:connection, "~> 1.1", [hex: :connection, repo: "hexpm", optional: false]}, {:db_connection, "~> 2.1", [hex: :db_connection, repo: "hexpm", optional: false]}, {:decimal, "~> 1.5 or ~> 2.0", [hex: :decimal, repo: "hexpm", optional: false]}, {:jason, "~> 1.0", [hex: :jason, repo: "hexpm", optional: true]}, {:table, "~> 0.1.0", [hex: :table, repo: "hexpm", optional: true]}], "hexpm", "aeaae1d2d1322da4e5fe90d241b0a564ce03a3add09d7270fb85362166194590"},
  "quickrand": {:hex, :quickrand, "1.8.0", "e47ce597ff067385ff5836c8c7706ac7f8aa7b47dd90c6417e05b64696f872fa", [:rebar3], [], "hexpm", "7ffadcf851fb4d1f7bc2952e955623be63f9c4a6b965fd207cc558d5aedbb6f9"},
  "ranch": {:hex, :ranch, "1.8.0", "8c7a100a139fd57f17327b6413e4167ac559fbc04ca7448e9be9057311597a1d", [:make, :rebar3], [], "hexpm", "49fbcfd3682fab1f5d109351b61257676da1a2fdbe295904176d5e521a2ddfe5"},
  "rand_compat": {:hex, :rand_compat, "0.0.3", "011646bc1f0b0c432fe101b816f25b9bbb74a085713cee1dafd2d62e9415ead3", [:rebar3], [], "hexpm", "cdf7be2b17308ec245b912c45fe55741f93b6e4f1a24ba6074f7137b0cc09bf4"},
  "sbroker": {:hex, :sbroker, "1.0.0", "28ff1b5e58887c5098539f236307b36fe1d3edaa2acff9d6a3d17c2dcafebbd0", [:rebar3], [], "hexpm", "ba952bfa35b374e1e5d84bc5f5efe8360c6f99dc93b3118f714a9a2dff6c9e19"},
  "table_rex": {:hex, :table_rex, "3.1.1", "0c67164d1714b5e806d5067c1e96ff098ba7ae79413cc075973e17c38a587caa", [:mix], [], "hexpm", "678a23aba4d670419c23c17790f9dcd635a4a89022040df7d5d772cb21012490"},
  "telemetry": {:hex, :telemetry, "1.1.0", "a589817034a27eab11144ad24d5c0f9fab1f58173274b1e9bae7074af9cbee51", [:rebar3], [], "hexpm", "b727b2a1f75614774cff2d7565b64d0dfa5bd52ba517f16543e6fc7efcc0df48"},
  "telemetry_metrics": {:hex, :telemetry_metrics, "0.6.1", "315d9163a1d4660aedc3fee73f33f1d355dcc76c5c3ab3d59e76e3edf80eef1f", [:mix], [{:telemetry, "~> 0.4 or ~> 1.0", [hex: :telemetry, repo: "hexpm", optional: false]}], "hexpm", "7be9e0871c41732c233be71e4be11b96e56177bf15dde64a8ac9ce72ac9834c6"},
  "telemetry_poller": {:hex, :telemetry_poller, "1.0.0", "db91bb424e07f2bb6e73926fcafbfcbcb295f0193e0a00e825e589a0a47e8453", [:rebar3], [{:telemetry, "~> 1.0", [hex: :telemetry, repo: "hexpm", optional: false]}], "hexpm", "b3a24eafd66c3f42da30fc3ca7dda1e9d546c12250a2d60d7b81d264fbec4f6e"},
  "time_compat": {:hex, :time_compat, "0.0.1", "23fe0ad1fdf3b5b88821b2d04b4b5e865bf587ae66056d671fe0f53514ed8139", [:rebar3], [], "hexpm", "161d6b38ac9ee5ae508c76428a55b10ce44dd27fb43ab9722f702867086829e8"},
  "types": {:hex, :types, "0.1.8", "5782b67231e8c174fe2835395e71e669fe0121076779d2a09f1c0d58ee0e2f13", [:rebar3], [], "hexpm", "04285239f4954c5ede56f78ed7778ede24e3f2e997f7b16402a167af0cc2658a"},
  "uuid": {:hex, :uuid_erl, "1.8.0", "280014f8ff57fce36ee6e91c3ecf21cbfce78aae9854c09597bb4c11e27b66d6", [:rebar3], [{:quickrand, "~> 1.8.0", [hex: :quickrand, repo: "hexpm", optional: false]}], "hexpm", "08a59b19a93f0f319b7609516dce33d2366fa24429ef097d107b7d6998d7e9cc"},
}
